// !$*UTF8*$!
{
	archiveVersion = 1;
	classes = {
	};
	objectVersion = 50;
	objects = {

/* Begin PBXBuildFile section */
		905C0B86254F0F2B007D00C2 /* UIViewControllerEx.swift in Sources */ = {isa = PBXBuildFile; fileRef = 905C0B85254F0F2B007D00C2 /* UIViewControllerEx.swift */; };
		905C0B8B254F1325007D00C2 /* MainScreenController.swift in Sources */ = {isa = PBXBuildFile; fileRef = 905C0B8A254F1325007D00C2 /* MainScreenController.swift */; };
		905C0B8E254F1331007D00C2 /* MainScreen.storyboard in Resources */ = {isa = PBXBuildFile; fileRef = 905C0B8D254F1331007D00C2 /* MainScreen.storyboard */; };
		905C0B97254F3B72007D00C2 /* LHColors.swift in Sources */ = {isa = PBXBuildFile; fileRef = 905C0B96254F3B72007D00C2 /* LHColors.swift */; };
		905C0B9E254F3D11007D00C2 /* UIColorEx.swift in Sources */ = {isa = PBXBuildFile; fileRef = 905C0B9D254F3D11007D00C2 /* UIColorEx.swift */; };
		90E7FD52254B524D0083393D /* AppDelegate.swift in Sources */ = {isa = PBXBuildFile; fileRef = 90E7FD51254B524D0083393D /* AppDelegate.swift */; };
		90E7FD54254B524D0083393D /* SceneDelegate.swift in Sources */ = {isa = PBXBuildFile; fileRef = 90E7FD53254B524D0083393D /* SceneDelegate.swift */; };
		90E7FD58254B524D0083393D /* Assets.xcassets in Resources */ = {isa = PBXBuildFile; fileRef = 90E7FD57254B524D0083393D /* Assets.xcassets */; };
		90E7FD5B254B524D0083393D /* Preview Assets.xcassets in Resources */ = {isa = PBXBuildFile; fileRef = 90E7FD5A254B524D0083393D /* Preview Assets.xcassets */; };
		90E7FD5E254B524D0083393D /* LaunchScreen.storyboard in Resources */ = {isa = PBXBuildFile; fileRef = 90E7FD5C254B524D0083393D /* LaunchScreen.storyboard */; };
/* End PBXBuildFile section */

/* Begin PBXFileReference section */
		905C0B85254F0F2B007D00C2 /* UIViewControllerEx.swift */ = {isa = PBXFileReference; lastKnownFileType = sourcecode.swift; path = UIViewControllerEx.swift; sourceTree = "<group>"; };
		905C0B8A254F1325007D00C2 /* MainScreenController.swift */ = {isa = PBXFileReference; lastKnownFileType = sourcecode.swift; path = MainScreenController.swift; sourceTree = "<group>"; };
		905C0B8D254F1331007D00C2 /* MainScreen.storyboard */ = {isa = PBXFileReference; lastKnownFileType = file.storyboard; path = MainScreen.storyboard; sourceTree = "<group>"; };
		905C0B96254F3B72007D00C2 /* LHColors.swift */ = {isa = PBXFileReference; lastKnownFileType = sourcecode.swift; path = LHColors.swift; sourceTree = "<group>"; };
		905C0B9D254F3D11007D00C2 /* UIColorEx.swift */ = {isa = PBXFileReference; lastKnownFileType = sourcecode.swift; path = UIColorEx.swift; sourceTree = "<group>"; };
		90E7FD4E254B524D0083393D /* LHPhotoPicker.app */ = {isa = PBXFileReference; explicitFileType = wrapper.application; includeInIndex = 0; path = LHPhotoPicker.app; sourceTree = BUILT_PRODUCTS_DIR; };
		90E7FD51254B524D0083393D /* AppDelegate.swift */ = {isa = PBXFileReference; lastKnownFileType = sourcecode.swift; path = AppDelegate.swift; sourceTree = "<group>"; };
		90E7FD53254B524D0083393D /* SceneDelegate.swift */ = {isa = PBXFileReference; lastKnownFileType = sourcecode.swift; path = SceneDelegate.swift; sourceTree = "<group>"; };
		90E7FD57254B524D0083393D /* Assets.xcassets */ = {isa = PBXFileReference; lastKnownFileType = folder.assetcatalog; path = Assets.xcassets; sourceTree = "<group>"; };
		90E7FD5A254B524D0083393D /* Preview Assets.xcassets */ = {isa = PBXFileReference; lastKnownFileType = folder.assetcatalog; path = "Preview Assets.xcassets"; sourceTree = "<group>"; };
		90E7FD5D254B524D0083393D /* Base */ = {isa = PBXFileReference; lastKnownFileType = file.storyboard; name = Base; path = Base.lproj/LaunchScreen.storyboard; sourceTree = "<group>"; };
		90E7FD5F254B524D0083393D /* Info.plist */ = {isa = PBXFileReference; lastKnownFileType = text.plist.xml; path = Info.plist; sourceTree = "<group>"; };
/* End PBXFileReference section */

/* Begin PBXFrameworksBuildPhase section */
		90E7FD4B254B524D0083393D /* Frameworks */ = {
			isa = PBXFrameworksBuildPhase;
			buildActionMask = 2147483647;
			files = (
			);
			runOnlyForDeploymentPostprocessing = 0;
		};
/* End PBXFrameworksBuildPhase section */

/* Begin PBXGroup section */
		905C0B7B254F0605007D00C2 /* Extensions */ = {
			isa = PBXGroup;
			children = (
				905C0B85254F0F2B007D00C2 /* UIViewControllerEx.swift */,
				905C0B9D254F3D11007D00C2 /* UIColorEx.swift */,
			);
			path = Extensions;
			sourceTree = "<group>";
		};
		905C0B90254F3874007D00C2 /* Resources */ = {
			isa = PBXGroup;
			children = (
				905C0B96254F3B72007D00C2 /* LHColors.swift */,
			);
			path = Resources;
			sourceTree = "<group>";
		};
		90E7FD45254B524D0083393D = {
			isa = PBXGroup;
			children = (
				90E7FD50254B524D0083393D /* LHPhotoPicker */,
				90E7FD4F254B524D0083393D /* Products */,
			);
			sourceTree = "<group>";
		};
		90E7FD4F254B524D0083393D /* Products */ = {
			isa = PBXGroup;
			children = (
				90E7FD4E254B524D0083393D /* LHPhotoPicker.app */,
			);
			name = Products;
			sourceTree = "<group>";
		};
		90E7FD50254B524D0083393D /* LHPhotoPicker */ = {
			isa = PBXGroup;
			children = (
				90E7FD51254B524D0083393D /* AppDelegate.swift */,
				90E7FD53254B524D0083393D /* SceneDelegate.swift */,
				90E7FD66254B533C0083393D /* MainScreen */,
				905C0B7B254F0605007D00C2 /* Extensions */,
				905C0B90254F3874007D00C2 /* Resources */,
				90E7FD57254B524D0083393D /* Assets.xcassets */,
				90E7FD5C254B524D0083393D /* LaunchScreen.storyboard */,
				90E7FD5F254B524D0083393D /* Info.plist */,
				90E7FD59254B524D0083393D /* Preview Content */,
			);
			path = LHPhotoPicker;
			sourceTree = "<group>";
		};
		90E7FD59254B524D0083393D /* Preview Content */ = {
			isa = PBXGroup;
			children = (
				90E7FD5A254B524D0083393D /* Preview Assets.xcassets */,
			);
			path = "Preview Content";
			sourceTree = "<group>";
		};
		90E7FD66254B533C0083393D /* MainScreen */ = {
			isa = PBXGroup;
			children = (
				905C0B8A254F1325007D00C2 /* MainScreenController.swift */,
				905C0B8D254F1331007D00C2 /* MainScreen.storyboard */,
			);
			path = MainScreen;
			sourceTree = "<group>";
		};
/* End PBXGroup section */

/* Begin PBXNativeTarget section */
		90E7FD4D254B524D0083393D /* LHPhotoPicker */ = {
			isa = PBXNativeTarget;
			buildConfigurationList = 90E7FD62254B524D0083393D /* Build configuration list for PBXNativeTarget "LHPhotoPicker" */;
			buildPhases = (
				90E7FD4A254B524D0083393D /* Sources */,
				90E7FD4B254B524D0083393D /* Frameworks */,
				90E7FD4C254B524D0083393D /* Resources */,
			);
			buildRules = (
			);
			dependencies = (
			);
			name = LHPhotoPicker;
			productName = LHPhotoPicker;
			productReference = 90E7FD4E254B524D0083393D /* LHPhotoPicker.app */;
			productType = "com.apple.product-type.application";
		};
/* End PBXNativeTarget section */

/* Begin PBXProject section */
		90E7FD46254B524D0083393D /* Project object */ = {
			isa = PBXProject;
			attributes = {
				LastSwiftUpdateCheck = 1210;
				LastUpgradeCheck = 1210;
				TargetAttributes = {
					90E7FD4D254B524D0083393D = {
						CreatedOnToolsVersion = 12.1;
					};
				};
			};
			buildConfigurationList = 90E7FD49254B524D0083393D /* Build configuration list for PBXProject "LHPhotoPicker" */;
			compatibilityVersion = "Xcode 9.3";
			developmentRegion = en;
			hasScannedForEncodings = 0;
			knownRegions = (
				en,
				Base,
			);
			mainGroup = 90E7FD45254B524D0083393D;
			productRefGroup = 90E7FD4F254B524D0083393D /* Products */;
			projectDirPath = "";
			projectRoot = "";
			targets = (
				90E7FD4D254B524D0083393D /* LHPhotoPicker */,
			);
		};
/* End PBXProject section */

/* Begin PBXResourcesBuildPhase section */
		90E7FD4C254B524D0083393D /* Resources */ = {
			isa = PBXResourcesBuildPhase;
			buildActionMask = 2147483647;
			files = (
				90E7FD5E254B524D0083393D /* LaunchScreen.storyboard in Resources */,
				905C0B8E254F1331007D00C2 /* MainScreen.storyboard in Resources */,
				90E7FD5B254B524D0083393D /* Preview Assets.xcassets in Resources */,
				90E7FD58254B524D0083393D /* Assets.xcassets in Resources */,
			);
			runOnlyForDeploymentPostprocessing = 0;
		};
/* End PBXResourcesBuildPhase section */

/* Begin PBXSourcesBuildPhase section */
		90E7FD4A254B524D0083393D /* Sources */ = {
			isa = PBXSourcesBuildPhase;
			buildActionMask = 2147483647;
			files = (
				905C0B9E254F3D11007D00C2 /* UIColorEx.swift in Sources */,
				905C0B86254F0F2B007D00C2 /* UIViewControllerEx.swift in Sources */,
				90E7FD52254B524D0083393D /* AppDelegate.swift in Sources */,
				905C0B97254F3B72007D00C2 /* LHColors.swift in Sources */,
				905C0B8B254F1325007D00C2 /* MainScreenController.swift in Sources */,
				90E7FD54254B524D0083393D /* SceneDelegate.swift in Sources */,
			);
			runOnlyForDeploymentPostprocessing = 0;
		};
/* End PBXSourcesBuildPhase section */

/* Begin PBXVariantGroup section */
		90E7FD5C254B524D0083393D /* LaunchScreen.storyboard */ = {
			isa = PBXVariantGroup;
			children = (
				90E7FD5D254B524D0083393D /* Base */,
			);
			name = LaunchScreen.storyboard;
			sourceTree = "<group>";
		};
/* End PBXVariantGroup section */

/* Begin XCBuildConfiguration section */
		90E7FD60254B524D0083393D /* Debug */ = {
			isa = XCBuildConfiguration;
			buildSettings = {
				ALWAYS_SEARCH_USER_PATHS = NO;
				CLANG_ANALYZER_NONNULL = YES;
				CLANG_ANALYZER_NUMBER_OBJECT_CONVERSION = YES_AGGRESSIVE;
				CLANG_CXX_LANGUAGE_STANDARD = "gnu++14";
				CLANG_CXX_LIBRARY = "libc++";
				CLANG_ENABLE_MODULES = YES;
				CLANG_ENABLE_OBJC_ARC = YES;
				CLANG_ENABLE_OBJC_WEAK = YES;
				CLANG_WARN_BLOCK_CAPTURE_AUTORELEASING = YES;
				CLANG_WARN_BOOL_CONVERSION = YES;
				CLANG_WARN_COMMA = YES;
				CLANG_WARN_CONSTANT_CONVERSION = YES;
				CLANG_WARN_DEPRECATED_OBJC_IMPLEMENTATIONS = YES;
				CLANG_WARN_DIRECT_OBJC_ISA_USAGE = YES_ERROR;
				CLANG_WARN_DOCUMENTATION_COMMENTS = YES;
				CLANG_WARN_EMPTY_BODY = YES;
				CLANG_WARN_ENUM_CONVERSION = YES;
				CLANG_WARN_INFINITE_RECURSION = YES;
				CLANG_WARN_INT_CONVERSION = YES;
				CLANG_WARN_NON_LITERAL_NULL_CONVERSION = YES;
				CLANG_WARN_OBJC_IMPLICIT_RETAIN_SELF = YES;
				CLANG_WARN_OBJC_LITERAL_CONVERSION = YES;
				CLANG_WARN_OBJC_ROOT_CLASS = YES_ERROR;
				CLANG_WARN_QUOTED_INCLUDE_IN_FRAMEWORK_HEADER = YES;
				CLANG_WARN_RANGE_LOOP_ANALYSIS = YES;
				CLANG_WARN_STRICT_PROTOTYPES = YES;
				CLANG_WARN_SUSPICIOUS_MOVE = YES;
				CLANG_WARN_UNGUARDED_AVAILABILITY = YES_AGGRESSIVE;
				CLANG_WARN_UNREACHABLE_CODE = YES;
				CLANG_WARN__DUPLICATE_METHOD_MATCH = YES;
				COPY_PHASE_STRIP = NO;
				DEBUG_INFORMATION_FORMAT = dwarf;
				ENABLE_STRICT_OBJC_MSGSEND = YES;
				ENABLE_TESTABILITY = YES;
				GCC_C_LANGUAGE_STANDARD = gnu11;
				GCC_DYNAMIC_NO_PIC = NO;
				GCC_NO_COMMON_BLOCKS = YES;
				GCC_OPTIMIZATION_LEVEL = 0;
				GCC_PREPROCESSOR_DEFINITIONS = (
					"DEBUG=1",
					"$(inherited)",
				);
				GCC_WARN_64_TO_32_BIT_CONVERSION = YES;
				GCC_WARN_ABOUT_RETURN_TYPE = YES_ERROR;
				GCC_WARN_UNDECLARED_SELECTOR = YES;
				GCC_WARN_UNINITIALIZED_AUTOS = YES_AGGRESSIVE;
				GCC_WARN_UNUSED_FUNCTION = YES;
				GCC_WARN_UNUSED_VARIABLE = YES;
				IPHONEOS_DEPLOYMENT_TARGET = 14.1;
				MTL_ENABLE_DEBUG_INFO = INCLUDE_SOURCE;
				MTL_FAST_MATH = YES;
				ONLY_ACTIVE_ARCH = YES;
				SDKROOT = iphoneos;
				SWIFT_ACTIVE_COMPILATION_CONDITIONS = DEBUG;
				SWIFT_OPTIMIZATION_LEVEL = "-Onone";
			};
			name = Debug;
		};
		90E7FD61254B524D0083393D /* Release */ = {
			isa = XCBuildConfiguration;
			buildSettings = {
				ALWAYS_SEARCH_USER_PATHS = NO;
				CLANG_ANALYZER_NONNULL = YES;
				CLANG_ANALYZER_NUMBER_OBJECT_CONVERSION = YES_AGGRESSIVE;
				CLANG_CXX_LANGUAGE_STANDARD = "gnu++14";
				CLANG_CXX_LIBRARY = "libc++";
				CLANG_ENABLE_MODULES = YES;
				CLANG_ENABLE_OBJC_ARC = YES;
				CLANG_ENABLE_OBJC_WEAK = YES;
				CLANG_WARN_BLOCK_CAPTURE_AUTORELEASING = YES;
				CLANG_WARN_BOOL_CONVERSION = YES;
				CLANG_WARN_COMMA = YES;
				CLANG_WARN_CONSTANT_CONVERSION = YES;
				CLANG_WARN_DEPRECATED_OBJC_IMPLEMENTATIONS = YES;
				CLANG_WARN_DIRECT_OBJC_ISA_USAGE = YES_ERROR;
				CLANG_WARN_DOCUMENTATION_COMMENTS = YES;
				CLANG_WARN_EMPTY_BODY = YES;
				CLANG_WARN_ENUM_CONVERSION = YES;
				CLANG_WARN_INFINITE_RECURSION = YES;
				CLANG_WARN_INT_CONVERSION = YES;
				CLANG_WARN_NON_LITERAL_NULL_CONVERSION = YES;
				CLANG_WARN_OBJC_IMPLICIT_RETAIN_SELF = YES;
				CLANG_WARN_OBJC_LITERAL_CONVERSION = YES;
				CLANG_WARN_OBJC_ROOT_CLASS = YES_ERROR;
				CLANG_WARN_QUOTED_INCLUDE_IN_FRAMEWORK_HEADER = YES;
				CLANG_WARN_RANGE_LOOP_ANALYSIS = YES;
				CLANG_WARN_STRICT_PROTOTYPES = YES;
				CLANG_WARN_SUSPICIOUS_MOVE = YES;
				CLANG_WARN_UNGUARDED_AVAILABILITY = YES_AGGRESSIVE;
				CLANG_WARN_UNREACHABLE_CODE = YES;
				CLANG_WARN__DUPLICATE_METHOD_MATCH = YES;
				COPY_PHASE_STRIP = NO;
				DEBUG_INFORMATION_FORMAT = "dwarf-with-dsym";
				ENABLE_NS_ASSERTIONS = NO;
				ENABLE_STRICT_OBJC_MSGSEND = YES;
				GCC_C_LANGUAGE_STANDARD = gnu11;
				GCC_NO_COMMON_BLOCKS = YES;
				GCC_WARN_64_TO_32_BIT_CONVERSION = YES;
				GCC_WARN_ABOUT_RETURN_TYPE = YES_ERROR;
				GCC_WARN_UNDECLARED_SELECTOR = YES;
				GCC_WARN_UNINITIALIZED_AUTOS = YES_AGGRESSIVE;
				GCC_WARN_UNUSED_FUNCTION = YES;
				GCC_WARN_UNUSED_VARIABLE = YES;
				IPHONEOS_DEPLOYMENT_TARGET = 14.1;
				MTL_ENABLE_DEBUG_INFO = NO;
				MTL_FAST_MATH = YES;
				SDKROOT = iphoneos;
				SWIFT_COMPILATION_MODE = wholemodule;
				SWIFT_OPTIMIZATION_LEVEL = "-O";
				VALIDATE_PRODUCT = YES;
			};
			name = Release;
		};
		90E7FD63254B524D0083393D /* Debug */ = {
			isa = XCBuildConfiguration;
			buildSettings = {
				ASSETCATALOG_COMPILER_APPICON_NAME = AppIcon;
				ASSETCATALOG_COMPILER_GLOBAL_ACCENT_COLOR_NAME = AccentColor;
				CODE_SIGN_STYLE = Automatic;
				DEVELOPMENT_ASSET_PATHS = "\"LHPhotoPicker/Preview Content\"";
				DEVELOPMENT_TEAM = LTB8NY8N54;
				ENABLE_PREVIEWS = YES;
				INFOPLIST_FILE = LHPhotoPicker/Info.plist;
				LD_RUNPATH_SEARCH_PATHS = (
					"$(inherited)",
					"@executable_path/Frameworks",
				);
				PRODUCT_BUNDLE_IDENTIFIER = LHorg.LHPhotoPicker;
				PRODUCT_NAME = "$(TARGET_NAME)";
				SWIFT_VERSION = 5.0;
				TARGETED_DEVICE_FAMILY = "1,2";
			};
			name = Debug;
		};
		90E7FD64254B524D0083393D /* Release */ = {
			isa = XCBuildConfiguration;
			buildSettings = {
				ASSETCATALOG_COMPILER_APPICON_NAME = AppIcon;
				ASSETCATALOG_COMPILER_GLOBAL_ACCENT_COLOR_NAME = AccentColor;
				CODE_SIGN_STYLE = Automatic;
				DEVELOPMENT_ASSET_PATHS = "\"LHPhotoPicker/Preview Content\"";
				DEVELOPMENT_TEAM = LTB8NY8N54;
				ENABLE_PREVIEWS = YES;
				INFOPLIST_FILE = LHPhotoPicker/Info.plist;
				LD_RUNPATH_SEARCH_PATHS = (
					"$(inherited)",
					"@executable_path/Frameworks",
				);
				PRODUCT_BUNDLE_IDENTIFIER = LHorg.LHPhotoPicker;
				PRODUCT_NAME = "$(TARGET_NAME)";
				SWIFT_VERSION = 5.0;
				TARGETED_DEVICE_FAMILY = "1,2";
			};
			name = Release;
		};
/* End XCBuildConfiguration section */

/* Begin XCConfigurationList section */
		90E7FD49254B524D0083393D /* Build configuration list for PBXProject "LHPhotoPicker" */ = {
			isa = XCConfigurationList;
			buildConfigurations = (
				90E7FD60254B524D0083393D /* Debug */,
				90E7FD61254B524D0083393D /* Release */,
			);
			defaultConfigurationIsVisible = 0;
			defaultConfigurationName = Release;
		};
		90E7FD62254B524D0083393D /* Build configuration list for PBXNativeTarget "LHPhotoPicker" */ = {
			isa = XCConfigurationList;
			buildConfigurations = (
				90E7FD63254B524D0083393D /* Debug */,
				90E7FD64254B524D0083393D /* Release */,
			);
			defaultConfigurationIsVisible = 0;
			defaultConfigurationName = Release;
		};
/* End XCConfigurationList section */
	};
	rootObject = 90E7FD46254B524D0083393D /* Project object */;
}
